
Microsoft Visual Studio Solution File, Format Version 12.00
# Visual Studio Version 17
VisualStudioVersion = 17.12.35527.113
MinimumVisualStudioVersion = 10.0.40219.1
Project("{FAE04EC0-301F-11D3-BF4B-00C04F79EFBC}") = "Cursive.API", "Cursive.API\Cursive.API.csproj", "{EA77E8C6-8A50-4A8E-B6CC-31C6EB5FFDB2}"
EndProject
Project("{FAE04EC0-301F-11D3-BF4B-00C04F79EFBC}") = "Cursive.Domain", "Cursive.Domain\Cursive.Domain.csproj", "{89008B44-C257-44D5-825D-8E19BF6D2725}"
EndProject
Project("{FAE04EC0-301F-11D3-BF4B-00C04F79EFBC}") = "Cursive.Infra", "Cursive.Infra\Cursive.Infra.csproj", "{81AAD875-F2E6-4736-A9A9-8AEBABE70503}"
EndProject
Project("{FAE04EC0-301F-11D3-BF4B-00C04F79EFBC}") = "Cursive.Shared", "Cursive.Shared\Cursive.Shared.csproj", "{B712F2B6-12C5-462F-B971-12C4A626743A}"
EndProject
Project("{FAE04EC0-301F-11D3-BF4B-00C04F79EFBC}") = "Cursive.Application", "Cursive.Application\Cursive.Application.csproj", "{6921B061-0870-4916-B658-43C5BFF77F79}"
EndProject
Project("{FAE04EC0-301F-11D3-BF4B-00C04F79EFBC}") = "Cursive.Logging", "Cursive.Logging\Cursive.Logging.csproj", "{7C1DD4B5-F11A-4003-97FD-1F3BD84225B8}"
EndProject
Project("{FAE04EC0-301F-11D3-BF4B-00C04F79EFBC}") = "Cursive.Web.MVC", "Cursive.Web.MVC\Cursive.Web.MVC.csproj", "{7C803015-7C5F-4F57-9564-F96C4C3E55D4}"
EndProject
Project("{FAE04EC0-301F-11D3-BF4B-00C04F79EFBC}") = "Cursive.Communication", "Cursive.Communication\Cursive.Communication.csproj", "{42B8D6AE-B27C-4A71-BEA9-B654C2237920}"
EndProject
Project("{FAE04EC0-301F-11D3-BF4B-00C04F79EFBC}") = "Cursive.Web.HttpCore", "Cursive.Web.HttpCore\Cursive.Web.HttpCore.csproj", "{D55E3D79-CB8F-4CC3-8F9F-777D331C74AD}"
EndProject
Global
	GlobalSection(SolutionConfigurationPlatforms) = preSolution
		Debug|Any CPU = Debug|Any CPU
		Release|Any CPU = Release|Any CPU
	EndGlobalSection
	GlobalSection(ProjectConfigurationPlatforms) = postSolution
		{EA77E8C6-8A50-4A8E-B6CC-31C6EB5FFDB2}.Debug|Any CPU.ActiveCfg = Debug|Any CPU
		{EA77E8C6-8A50-4A8E-B6CC-31C6EB5FFDB2}.Debug|Any CPU.Build.0 = Debug|Any CPU
		{EA77E8C6-8A50-4A8E-B6CC-31C6EB5FFDB2}.Release|Any CPU.ActiveCfg = Release|Any CPU
		{EA77E8C6-8A50-4A8E-B6CC-31C6EB5FFDB2}.Release|Any CPU.Build.0 = Release|Any CPU
		{89008B44-C257-44D5-825D-8E19BF6D2725}.Debug|Any CPU.ActiveCfg = Debug|Any CPU
		{89008B44-C257-44D5-825D-8E19BF6D2725}.Debug|Any CPU.Build.0 = Debug|Any CPU
		{89008B44-C257-44D5-825D-8E19BF6D2725}.Release|Any CPU.ActiveCfg = Release|Any CPU
		{89008B44-C257-44D5-825D-8E19BF6D2725}.Release|Any CPU.Build.0 = Release|Any CPU
		{81AAD875-F2E6-4736-A9A9-8AEBABE70503}.Debug|Any CPU.ActiveCfg = Debug|Any CPU
		{81AAD875-F2E6-4736-A9A9-8AEBABE70503}.Debug|Any CPU.Build.0 = Debug|Any CPU
		{81AAD875-F2E6-4736-A9A9-8AEBABE70503}.Release|Any CPU.ActiveCfg = Release|Any CPU
		{81AAD875-F2E6-4736-A9A9-8AEBABE70503}.Release|Any CPU.Build.0 = Release|Any CPU
		{B712F2B6-12C5-462F-B971-12C4A626743A}.Debug|Any CPU.ActiveCfg = Debug|Any CPU
		{B712F2B6-12C5-462F-B971-12C4A626743A}.Debug|Any CPU.Build.0 = Debug|Any CPU
		{B712F2B6-12C5-462F-B971-12C4A626743A}.Release|Any CPU.ActiveCfg = Release|Any CPU
		{B712F2B6-12C5-462F-B971-12C4A626743A}.Release|Any CPU.Build.0 = Release|Any CPU
		{6921B061-0870-4916-B658-43C5BFF77F79}.Debug|Any CPU.ActiveCfg = Debug|Any CPU
		{6921B061-0870-4916-B658-43C5BFF77F79}.Debug|Any CPU.Build.0 = Debug|Any CPU
		{6921B061-0870-4916-B658-43C5BFF77F79}.Release|Any CPU.ActiveCfg = Release|Any CPU
		{6921B061-0870-4916-B658-43C5BFF77F79}.Release|Any CPU.Build.0 = Release|Any CPU
		{7C1DD4B5-F11A-4003-97FD-1F3BD84225B8}.Debug|Any CPU.ActiveCfg = Debug|Any CPU
		{7C1DD4B5-F11A-4003-97FD-1F3BD84225B8}.Debug|Any CPU.Build.0 = Debug|Any CPU
		{7C1DD4B5-F11A-4003-97FD-1F3BD84225B8}.Release|Any CPU.ActiveCfg = Release|Any CPU
		{7C1DD4B5-F11A-4003-97FD-1F3BD84225B8}.Release|Any CPU.Build.0 = Release|Any CPU
		{7C803015-7C5F-4F57-9564-F96C4C3E55D4}.Debug|Any CPU.ActiveCfg = Debug|Any CPU
		{7C803015-7C5F-4F57-9564-F96C4C3E55D4}.Debug|Any CPU.Build.0 = Debug|Any CPU
		{7C803015-7C5F-4F57-9564-F96C4C3E55D4}.Release|Any CPU.ActiveCfg = Release|Any CPU
		{7C803015-7C5F-4F57-9564-F96C4C3E55D4}.Release|Any CPU.Build.0 = Release|Any CPU
		{42B8D6AE-B27C-4A71-BEA9-B654C2237920}.Debug|Any CPU.ActiveCfg = Debug|Any CPU
		{42B8D6AE-B27C-4A71-BEA9-B654C2237920}.Debug|Any CPU.Build.0 = Debug|Any CPU
		{42B8D6AE-B27C-4A71-BEA9-B654C2237920}.Release|Any CPU.ActiveCfg = Release|Any CPU
		{42B8D6AE-B27C-4A71-BEA9-B654C2237920}.Release|Any CPU.Build.0 = Release|Any CPU
		{D55E3D79-CB8F-4CC3-8F9F-777D331C74AD}.Debug|Any CPU.ActiveCfg = Debug|Any CPU
		{D55E3D79-CB8F-4CC3-8F9F-777D331C74AD}.Debug|Any CPU.Build.0 = Debug|Any CPU
		{D55E3D79-CB8F-4CC3-8F9F-777D331C74AD}.Release|Any CPU.ActiveCfg = Release|Any CPU
		{D55E3D79-CB8F-4CC3-8F9F-777D331C74AD}.Release|Any CPU.Build.0 = Release|Any CPU
	EndGlobalSection
	GlobalSection(SolutionProperties) = preSolution
		HideSolutionNode = FALSE
	EndGlobalSection
EndGlobal
